// !$*UTF8*$!
{
	archiveVersion = 1;
	classes = {
	};
	objectVersion = 51;
	objects = {

/* Begin PBXBuildFile section */
		CD1F8574231F4F31005839D1 /* libMoltenVK.dylib in Embed Libraries */ = {isa = PBXBuildFile; fileRef = CD1F856E231F4F17005839D1 /* libMoltenVK.dylib */; settings = {ATTRIBUTES = (CodeSignOnCopy, ); }; };
		CD1F8575231F4F31005839D1 /* libvulkan.1.dylib in Embed Libraries */ = {isa = PBXBuildFile; fileRef = CD1F856F231F4F17005839D1 /* libvulkan.1.dylib */; settings = {ATTRIBUTES = (CodeSignOnCopy, ); }; };
		CD1F8585231F53D7005839D1 /* libVkLayer_thread_safety.dylib in Embed Libraries */ = {isa = PBXBuildFile; fileRef = CD1F857E231F53D6005839D1 /* libVkLayer_thread_safety.dylib */; settings = {ATTRIBUTES = (CodeSignOnCopy, ); }; };
		CD1F8586231F53D7005839D1 /* libVkLayer_unique_objects.dylib in Embed Libraries */ = {isa = PBXBuildFile; fileRef = CD1F857F231F53D6005839D1 /* libVkLayer_unique_objects.dylib */; settings = {ATTRIBUTES = (CodeSignOnCopy, ); }; };
		CD1F8587231F53D7005839D1 /* libVkLayer_core_validation.dylib in Embed Libraries */ = {isa = PBXBuildFile; fileRef = CD1F8580231F53D6005839D1 /* libVkLayer_core_validation.dylib */; settings = {ATTRIBUTES = (CodeSignOnCopy, ); }; };
		CD1F8588231F53D7005839D1 /* libVkLayer_object_lifetimes.dylib in Embed Libraries */ = {isa = PBXBuildFile; fileRef = CD1F8581231F53D6005839D1 /* libVkLayer_object_lifetimes.dylib */; settings = {ATTRIBUTES = (CodeSignOnCopy, ); }; };
		CD1F8589231F53D7005839D1 /* libVkLayer_stateless_validation.dylib in Embed Libraries */ = {isa = PBXBuildFile; fileRef = CD1F8582231F53D7005839D1 /* libVkLayer_stateless_validation.dylib */; settings = {ATTRIBUTES = (CodeSignOnCopy, ); }; };
		CD1F858A231F53D7005839D1 /* libVkLayer_khronos_validation.dylib in Embed Libraries */ = {isa = PBXBuildFile; fileRef = CD1F8583231F53D7005839D1 /* libVkLayer_khronos_validation.dylib */; settings = {ATTRIBUTES = (CodeSignOnCopy, ); }; };
		CD1F858B231F53D7005839D1 /* libVkLayer_api_dump.dylib in Embed Libraries */ = {isa = PBXBuildFile; fileRef = CD1F8584231F53D7005839D1 /* libVkLayer_api_dump.dylib */; settings = {ATTRIBUTES = (CodeSignOnCopy, ); }; };
		CD1F858F231F5E2E005839D1 /* vulkan in Resources */ = {isa = PBXBuildFile; fileRef = CD1F858E231F5E2E005839D1 /* vulkan */; };
		CD1F8591231F64D8005839D1 /* libvulkan.1.dylib in Frameworks */ = {isa = PBXBuildFile; fileRef = CD1F856F231F4F17005839D1 /* libvulkan.1.dylib */; };
		CD2EA7DB2317085B00AEC1E9 /* shaders in Resources */ = {isa = PBXBuildFile; fileRef = CD2EA7DA2317085B00AEC1E9 /* shaders */; };
		CD2EA7DF231785A300AEC1E9 /* libVxGraphics.dylib in Frameworks */ = {isa = PBXBuildFile; fileRef = CDBE8A6C230A5D0D004A9DA1 /* libVxGraphics.dylib */; };
		CD2EA7E0231785B000AEC1E9 /* libVxGraphics.dylib in Embed Libraries */ = {isa = PBXBuildFile; fileRef = CDBE8A6C230A5D0D004A9DA1 /* libVxGraphics.dylib */; settings = {ATTRIBUTES = (CodeSignOnCopy, ); }; };
		CD2EA7E3231E168100AEC1E9 /* objects in Resources */ = {isa = PBXBuildFile; fileRef = CD2EA7E2231E168100AEC1E9 /* objects */; };
		CD76A42B2309326D00E6ACB0 /* MainViewController.mm in Sources */ = {isa = PBXBuildFile; fileRef = CD76A4232309326D00E6ACB0 /* MainViewController.mm */; };
		CD76A42C2309326D00E6ACB0 /* AppDelegate.mm in Sources */ = {isa = PBXBuildFile; fileRef = CD76A4252309326D00E6ACB0 /* AppDelegate.mm */; };
		CD76A42F2309326D00E6ACB0 /* main.mm in Sources */ = {isa = PBXBuildFile; fileRef = CD76A4292309326D00E6ACB0 /* main.mm */; };
		CDBE8A30230A0D8D004A9DA1 /* Main.storyboard in Resources */ = {isa = PBXBuildFile; fileRef = CDBE8A2E230A0D8D004A9DA1 /* Main.storyboard */; };
		CDBE8A31230A0D8D004A9DA1 /* macos.xcassets in Resources */ = {isa = PBXBuildFile; fileRef = CDBE8A2F230A0D8D004A9DA1 /* macos.xcassets */; };
		CDBE8A65230A422A004A9DA1 /* QuartzCore.framework in Frameworks */ = {isa = PBXBuildFile; fileRef = CDBE8A64230A422A004A9DA1 /* QuartzCore.framework */; };
		CDBE8A67230A4252004A9DA1 /* Cocoa.framework in Frameworks */ = {isa = PBXBuildFile; fileRef = CDBE8A66230A4252004A9DA1 /* Cocoa.framework */; };
		CDBE8A6B230A4506004A9DA1 /* Metal.framework in Frameworks */ = {isa = PBXBuildFile; fileRef = CDBE8A6A230A4506004A9DA1 /* Metal.framework */; };
/* End PBXBuildFile section */

/* Begin PBXCopyFilesBuildPhase section */
		CD2EA7E1231785B100AEC1E9 /* Embed Libraries */ = {
			isa = PBXCopyFilesBuildPhase;
			buildActionMask = 2147483647;
			dstPath = "";
			dstSubfolderSpec = 10;
			files = (
				CD1F8575231F4F31005839D1 /* libvulkan.1.dylib in Embed Libraries */,
				CD1F8574231F4F31005839D1 /* libMoltenVK.dylib in Embed Libraries */,
				CD1F8586231F53D7005839D1 /* libVkLayer_unique_objects.dylib in Embed Libraries */,
				CD1F8587231F53D7005839D1 /* libVkLayer_core_validation.dylib in Embed Libraries */,
				CD1F858A231F53D7005839D1 /* libVkLayer_khronos_validation.dylib in Embed Libraries */,
				CD1F858B231F53D7005839D1 /* libVkLayer_api_dump.dylib in Embed Libraries */,
				CD1F8588231F53D7005839D1 /* libVkLayer_object_lifetimes.dylib in Embed Libraries */,
				CD2EA7E0231785B000AEC1E9 /* libVxGraphics.dylib in Embed Libraries */,
				CD1F8585231F53D7005839D1 /* libVkLayer_thread_safety.dylib in Embed Libraries */,
				CD1F8589231F53D7005839D1 /* libVkLayer_stateless_validation.dylib in Embed Libraries */,
			);
			name = "Embed Libraries";
			runOnlyForDeploymentPostprocessing = 0;
		};
		CDBE8A3B230A2567004A9DA1 /* CopyFiles */ = {
			isa = PBXCopyFilesBuildPhase;
			buildActionMask = 2147483647;
			dstPath = "";
			dstSubfolderSpec = 6;
			files = (
			);
			runOnlyForDeploymentPostprocessing = 0;
		};
/* End PBXCopyFilesBuildPhase section */

/* Begin PBXFileReference section */
		CD1F856E231F4F17005839D1 /* libMoltenVK.dylib */ = {isa = PBXFileReference; lastKnownFileType = "compiled.mach-o.dylib"; name = libMoltenVK.dylib; path = ../../../extern/vulkansdk/macos/macOS/lib/libMoltenVK.dylib; sourceTree = "<group>"; };
		CD1F856F231F4F17005839D1 /* libvulkan.1.dylib */ = {isa = PBXFileReference; lastKnownFileType = "compiled.mach-o.dylib"; name = libvulkan.1.dylib; path = ../../../extern/vulkansdk/macos/macOS/lib/libvulkan.1.dylib; sourceTree = "<group>"; };
		CD1F857E231F53D6005839D1 /* libVkLayer_thread_safety.dylib */ = {isa = PBXFileReference; lastKnownFileType = "compiled.mach-o.dylib"; name = libVkLayer_thread_safety.dylib; path = ../../../extern/vulkansdk/macos/macOS/lib/libVkLayer_thread_safety.dylib; sourceTree = "<group>"; };
		CD1F857F231F53D6005839D1 /* libVkLayer_unique_objects.dylib */ = {isa = PBXFileReference; lastKnownFileType = "compiled.mach-o.dylib"; name = libVkLayer_unique_objects.dylib; path = ../../../extern/vulkansdk/macos/macOS/lib/libVkLayer_unique_objects.dylib; sourceTree = "<group>"; };
		CD1F8580231F53D6005839D1 /* libVkLayer_core_validation.dylib */ = {isa = PBXFileReference; lastKnownFileType = "compiled.mach-o.dylib"; name = libVkLayer_core_validation.dylib; path = ../../../extern/vulkansdk/macos/macOS/lib/libVkLayer_core_validation.dylib; sourceTree = "<group>"; };
		CD1F8581231F53D6005839D1 /* libVkLayer_object_lifetimes.dylib */ = {isa = PBXFileReference; lastKnownFileType = "compiled.mach-o.dylib"; name = libVkLayer_object_lifetimes.dylib; path = ../../../extern/vulkansdk/macos/macOS/lib/libVkLayer_object_lifetimes.dylib; sourceTree = "<group>"; };
		CD1F8582231F53D7005839D1 /* libVkLayer_stateless_validation.dylib */ = {isa = PBXFileReference; lastKnownFileType = "compiled.mach-o.dylib"; name = libVkLayer_stateless_validation.dylib; path = ../../../extern/vulkansdk/macos/macOS/lib/libVkLayer_stateless_validation.dylib; sourceTree = "<group>"; };
		CD1F8583231F53D7005839D1 /* libVkLayer_khronos_validation.dylib */ = {isa = PBXFileReference; lastKnownFileType = "compiled.mach-o.dylib"; name = libVkLayer_khronos_validation.dylib; path = ../../../extern/vulkansdk/macos/macOS/lib/libVkLayer_khronos_validation.dylib; sourceTree = "<group>"; };
		CD1F8584231F53D7005839D1 /* libVkLayer_api_dump.dylib */ = {isa = PBXFileReference; lastKnownFileType = "compiled.mach-o.dylib"; name = libVkLayer_api_dump.dylib; path = ../../../extern/vulkansdk/macos/macOS/lib/libVkLayer_api_dump.dylib; sourceTree = "<group>"; };
		CD1F858E231F5E2E005839D1 /* vulkan */ = {isa = PBXFileReference; lastKnownFileType = folder; path = vulkan; sourceTree = "<group>"; };
		CD2EA7DA2317085B00AEC1E9 /* shaders */ = {isa = PBXFileReference; lastKnownFileType = folder; name = shaders; path = ../../../../build/bin/vxGraphics/shaders; sourceTree = "<group>"; };
		CD2EA7E2231E168100AEC1E9 /* objects */ = {isa = PBXFileReference; lastKnownFileType = folder; name = objects; path = ../../../vxDemoApplication/resources/objects; sourceTree = "<group>"; };
		CD76A4232309326D00E6ACB0 /* MainViewController.mm */ = {isa = PBXFileReference; fileEncoding = 4; lastKnownFileType = sourcecode.cpp.objcpp; path = MainViewController.mm; sourceTree = "<group>"; };
		CD76A4242309326D00E6ACB0 /* vxApplication.entitlements */ = {isa = PBXFileReference; fileEncoding = 4; lastKnownFileType = text.plist.entitlements; path = vxApplication.entitlements; sourceTree = "<group>"; };
		CD76A4252309326D00E6ACB0 /* AppDelegate.mm */ = {isa = PBXFileReference; fileEncoding = 4; lastKnownFileType = sourcecode.cpp.objcpp; path = AppDelegate.mm; sourceTree = "<group>"; };
		CD76A4272309326D00E6ACB0 /* AppDelegate.hpp */ = {isa = PBXFileReference; fileEncoding = 4; lastKnownFileType = sourcecode.cpp.h; path = AppDelegate.hpp; sourceTree = "<group>"; };
		CD76A4282309326D00E6ACB0 /* Info.plist */ = {isa = PBXFileReference; fileEncoding = 4; lastKnownFileType = text.plist.xml; path = Info.plist; sourceTree = "<group>"; };
		CD76A4292309326D00E6ACB0 /* main.mm */ = {isa = PBXFileReference; fileEncoding = 4; lastKnownFileType = sourcecode.cpp.objcpp; path = main.mm; sourceTree = "<group>"; };
		CD76A42A2309326D00E6ACB0 /* MainViewController.hpp */ = {isa = PBXFileReference; fileEncoding = 4; lastKnownFileType = sourcecode.cpp.h; path = MainViewController.hpp; sourceTree = "<group>"; };
		CDBE8A2E230A0D8D004A9DA1 /* Main.storyboard */ = {isa = PBXFileReference; fileEncoding = 4; lastKnownFileType = file.storyboard; path = Main.storyboard; sourceTree = "<group>"; };
		CDBE8A2F230A0D8D004A9DA1 /* macos.xcassets */ = {isa = PBXFileReference; lastKnownFileType = folder.assetcatalog; path = macos.xcassets; sourceTree = "<group>"; };
		CDBE8A4E230A2E39004A9DA1 /* vxApplication-iOS.app */ = {isa = PBXFileReference; explicitFileType = wrapper.application; includeInIndex = 0; path = "vxApplication-iOS.app"; sourceTree = BUILT_PRODUCTS_DIR; };
		CDBE8A64230A422A004A9DA1 /* QuartzCore.framework */ = {isa = PBXFileReference; lastKnownFileType = wrapper.framework; name = QuartzCore.framework; path = System/Library/Frameworks/QuartzCore.framework; sourceTree = SDKROOT; };
		CDBE8A66230A4252004A9DA1 /* Cocoa.framework */ = {isa = PBXFileReference; lastKnownFileType = wrapper.framework; name = Cocoa.framework; path = System/Library/Frameworks/Cocoa.framework; sourceTree = SDKROOT; };
		CDBE8A6A230A4506004A9DA1 /* Metal.framework */ = {isa = PBXFileReference; lastKnownFileType = wrapper.framework; name = Metal.framework; path = System/Library/Frameworks/Metal.framework; sourceTree = SDKROOT; };
		CDBE8A6C230A5D0D004A9DA1 /* libVxGraphics.dylib */ = {isa = PBXFileReference; lastKnownFileType = "compiled.mach-o.dylib"; name = libVxGraphics.dylib; path = ../../../build/bin/vxGraphics/libVxGraphics.dylib; sourceTree = "<group>"; };
		CDD012BC23092E590002BB4E /* vxApplication-macOS.app */ = {isa = PBXFileReference; explicitFileType = wrapper.application; includeInIndex = 0; path = "vxApplication-macOS.app"; sourceTree = BUILT_PRODUCTS_DIR; };
/* End PBXFileReference section */

/* Begin PBXFrameworksBuildPhase section */
		CDBE8A4B230A2E39004A9DA1 /* Frameworks */ = {
			isa = PBXFrameworksBuildPhase;
			buildActionMask = 2147483647;
			files = (
			);
			runOnlyForDeploymentPostprocessing = 0;
		};
		CDD012B923092E590002BB4E /* Frameworks */ = {
			isa = PBXFrameworksBuildPhase;
			buildActionMask = 2147483647;
			files = (
				CD1F8591231F64D8005839D1 /* libvulkan.1.dylib in Frameworks */,
				CD2EA7DF231785A300AEC1E9 /* libVxGraphics.dylib in Frameworks */,
				CDBE8A6B230A4506004A9DA1 /* Metal.framework in Frameworks */,
				CDBE8A67230A4252004A9DA1 /* Cocoa.framework in Frameworks */,
				CDBE8A65230A422A004A9DA1 /* QuartzCore.framework in Frameworks */,
			);
			runOnlyForDeploymentPostprocessing = 0;
		};
/* End PBXFrameworksBuildPhase section */

/* Begin PBXGroup section */
		CDBE8A2B230A0BB0004A9DA1 /* Resources */ = {
			isa = PBXGroup;
			children = (
				CD1F858E231F5E2E005839D1 /* vulkan */,
				CD2EA7E2231E168100AEC1E9 /* objects */,
				CD2EA7DA2317085B00AEC1E9 /* shaders */,
				CDBE8A2F230A0D8D004A9DA1 /* macos.xcassets */,
				CDBE8A2E230A0D8D004A9DA1 /* Main.storyboard */,
			);
			path = Resources;
			sourceTree = "<group>";
		};
		CDBE8A39230A1019004A9DA1 /* Frameworks */ = {
			isa = PBXGroup;
			children = (
				CD1F8584231F53D7005839D1 /* libVkLayer_api_dump.dylib */,
				CD1F8580231F53D6005839D1 /* libVkLayer_core_validation.dylib */,
				CD1F8583231F53D7005839D1 /* libVkLayer_khronos_validation.dylib */,
				CD1F8581231F53D6005839D1 /* libVkLayer_object_lifetimes.dylib */,
				CD1F8582231F53D7005839D1 /* libVkLayer_stateless_validation.dylib */,
				CD1F857E231F53D6005839D1 /* libVkLayer_thread_safety.dylib */,
				CD1F857F231F53D6005839D1 /* libVkLayer_unique_objects.dylib */,
				CD1F856E231F4F17005839D1 /* libMoltenVK.dylib */,
				CD1F856F231F4F17005839D1 /* libvulkan.1.dylib */,
				CDBE8A6C230A5D0D004A9DA1 /* libVxGraphics.dylib */,
				CDBE8A6A230A4506004A9DA1 /* Metal.framework */,
				CDBE8A66230A4252004A9DA1 /* Cocoa.framework */,
				CDBE8A64230A422A004A9DA1 /* QuartzCore.framework */,
			);
			name = Frameworks;
			sourceTree = "<group>";
		};
		CDD012B323092E590002BB4E = {
			isa = PBXGroup;
			children = (
				CDBE8A2B230A0BB0004A9DA1 /* Resources */,
				CD76A4272309326D00E6ACB0 /* AppDelegate.hpp */,
				CD76A4252309326D00E6ACB0 /* AppDelegate.mm */,
				CD76A4282309326D00E6ACB0 /* Info.plist */,
				CD76A4292309326D00E6ACB0 /* main.mm */,
				CD76A42A2309326D00E6ACB0 /* MainViewController.hpp */,
				CD76A4232309326D00E6ACB0 /* MainViewController.mm */,
				CD76A4242309326D00E6ACB0 /* vxApplication.entitlements */,
				CDD012BD23092E590002BB4E /* Products */,
				CDBE8A39230A1019004A9DA1 /* Frameworks */,
			);
			sourceTree = "<group>";
		};
		CDD012BD23092E590002BB4E /* Products */ = {
			isa = PBXGroup;
			children = (
				CDD012BC23092E590002BB4E /* vxApplication-macOS.app */,
				CDBE8A4E230A2E39004A9DA1 /* vxApplication-iOS.app */,
			);
			name = Products;
			sourceTree = "<group>";
		};
/* End PBXGroup section */

/* Begin PBXNativeTarget section */
		CDBE8A4D230A2E39004A9DA1 /* vxApplication-iOS */ = {
			isa = PBXNativeTarget;
			buildConfigurationList = CDBE8A61230A2E3A004A9DA1 /* Build configuration list for PBXNativeTarget "vxApplication-iOS" */;
			buildPhases = (
				CDBE8A4A230A2E39004A9DA1 /* Sources */,
				CDBE8A4B230A2E39004A9DA1 /* Frameworks */,
				CDBE8A4C230A2E39004A9DA1 /* Resources */,
			);
			buildRules = (
			);
			dependencies = (
			);
			name = "vxApplication-iOS";
			productName = vxApplication;
			productReference = CDBE8A4E230A2E39004A9DA1 /* vxApplication-iOS.app */;
			productType = "com.apple.product-type.application";
		};
		CDD012BB23092E590002BB4E /* vxApplication-macOS */ = {
			isa = PBXNativeTarget;
			buildConfigurationList = CDD012D023092E5A0002BB4E /* Build configuration list for PBXNativeTarget "vxApplication-macOS" */;
			buildPhases = (
				CDD012BA23092E590002BB4E /* Resources */,
				CDD012B823092E590002BB4E /* Sources */,
				CDD012B923092E590002BB4E /* Frameworks */,
				CDBE8A3B230A2567004A9DA1 /* CopyFiles */,
				CD2EA7E1231785B100AEC1E9 /* Embed Libraries */,
			);
			buildRules = (
			);
			dependencies = (
			);
			name = "vxApplication-macOS";
			productName = vxApplication;
			productReference = CDD012BC23092E590002BB4E /* vxApplication-macOS.app */;
			productType = "com.apple.product-type.application";
		};
/* End PBXNativeTarget section */

/* Begin PBXProject section */
		CDD012B423092E590002BB4E /* Project object */ = {
			isa = PBXProject;
			attributes = {
				LastUpgradeCheck = 1030;
				ORGANIZATIONNAME = "Vitor Ciaramella";
				TargetAttributes = {
					CDBE8A4D230A2E39004A9DA1 = {
						CreatedOnToolsVersion = 10.3;
					};
					CDD012BB23092E590002BB4E = {
						CreatedOnToolsVersion = 10.3;
						SystemCapabilities = {
							com.apple.Sandbox = {
								enabled = 0;
							};
						};
					};
				};
			};
			buildConfigurationList = CDD012B723092E590002BB4E /* Build configuration list for PBXProject "vxApplication" */;
			compatibilityVersion = "Xcode 10.0";
			developmentRegion = en;
			hasScannedForEncodings = 0;
			knownRegions = (
				en,
				Base,
			);
			mainGroup = CDD012B323092E590002BB4E;
			productRefGroup = CDD012BD23092E590002BB4E /* Products */;
			projectDirPath = "";
			projectRoot = "";
			targets = (
				CDD012BB23092E590002BB4E /* vxApplication-macOS */,
				CDBE8A4D230A2E39004A9DA1 /* vxApplication-iOS */,
			);
		};
/* End PBXProject section */

/* Begin PBXResourcesBuildPhase section */
		CDBE8A4C230A2E39004A9DA1 /* Resources */ = {
			isa = PBXResourcesBuildPhase;
			buildActionMask = 2147483647;
			files = (
			);
			runOnlyForDeploymentPostprocessing = 0;
		};
		CDD012BA23092E590002BB4E /* Resources */ = {
			isa = PBXResourcesBuildPhase;
			buildActionMask = 2147483647;
			files = (
				CD1F858F231F5E2E005839D1 /* vulkan in Resources */,
				CD2EA7DB2317085B00AEC1E9 /* shaders in Resources */,
				CD2EA7E3231E168100AEC1E9 /* objects in Resources */,
				CDBE8A30230A0D8D004A9DA1 /* Main.storyboard in Resources */,
				CDBE8A31230A0D8D004A9DA1 /* macos.xcassets in Resources */,
			);
			runOnlyForDeploymentPostprocessing = 0;
		};
/* End PBXResourcesBuildPhase section */

/* Begin PBXSourcesBuildPhase section */
		CDBE8A4A230A2E39004A9DA1 /* Sources */ = {
			isa = PBXSourcesBuildPhase;
			buildActionMask = 2147483647;
			files = (
			);
			runOnlyForDeploymentPostprocessing = 0;
		};
		CDD012B823092E590002BB4E /* Sources */ = {
			isa = PBXSourcesBuildPhase;
			buildActionMask = 2147483647;
			files = (
				CD76A42C2309326D00E6ACB0 /* AppDelegate.mm in Sources */,
				CD76A42F2309326D00E6ACB0 /* main.mm in Sources */,
				CD76A42B2309326D00E6ACB0 /* MainViewController.mm in Sources */,
			);
			runOnlyForDeploymentPostprocessing = 0;
		};
/* End PBXSourcesBuildPhase section */

/* Begin XCBuildConfiguration section */
		CDBE8A62230A2E3A004A9DA1 /* Debug */ = {
			isa = XCBuildConfiguration;
			buildSettings = {
				ASSETCATALOG_COMPILER_APPICON_NAME = AppIcon;
				ASSETCATALOG_COMPILER_LAUNCHIMAGE_NAME = LaunchImage;
				CLANG_CXX_LANGUAGE_STANDARD = "gnu++14";
				CLANG_ENABLE_OBJC_ARC = YES;
				CLANG_WARN_BLOCK_CAPTURE_AUTORELEASING = YES;
				CLANG_WARN_OBJC_IMPLICIT_RETAIN_SELF = YES;
				CODE_SIGN_IDENTITY = "iPhone Developer";
				CODE_SIGN_STYLE = Automatic;
				DEVELOPMENT_TEAM = R49X9S5NBT;
				GCC_C_LANGUAGE_STANDARD = gnu11;
				INFOPLIST_FILE = vxApplication/Info.plist;
				IPHONEOS_DEPLOYMENT_TARGET = 12.4;
				LD_RUNPATH_SEARCH_PATHS = (
					"$(inherited)",
					"@executable_path/Frameworks",
				);
				PRODUCT_BUNDLE_IDENTIFIER = com.vitorciaramella.vxApplication;
				PRODUCT_NAME = "$(TARGET_NAME)";
				SDKROOT = iphoneos;
				TARGETED_DEVICE_FAMILY = "1,2";
			};
			name = Debug;
		};
		CDBE8A63230A2E3A004A9DA1 /* Release */ = {
			isa = XCBuildConfiguration;
			buildSettings = {
				ASSETCATALOG_COMPILER_APPICON_NAME = AppIcon;
				ASSETCATALOG_COMPILER_LAUNCHIMAGE_NAME = LaunchImage;
				CLANG_CXX_LANGUAGE_STANDARD = "gnu++14";
				CLANG_ENABLE_OBJC_ARC = YES;
				CLANG_WARN_BLOCK_CAPTURE_AUTORELEASING = YES;
				CLANG_WARN_OBJC_IMPLICIT_RETAIN_SELF = YES;
				CODE_SIGN_IDENTITY = "iPhone Developer";
				CODE_SIGN_STYLE = Automatic;
				DEVELOPMENT_TEAM = R49X9S5NBT;
				GCC_C_LANGUAGE_STANDARD = gnu11;
				INFOPLIST_FILE = vxApplication/Info.plist;
				IPHONEOS_DEPLOYMENT_TARGET = 12.4;
				LD_RUNPATH_SEARCH_PATHS = (
					"$(inherited)",
					"@executable_path/Frameworks",
				);
				PRODUCT_BUNDLE_IDENTIFIER = com.vitorciaramella.vxApplication;
				PRODUCT_NAME = "$(TARGET_NAME)";
				SDKROOT = iphoneos;
				TARGETED_DEVICE_FAMILY = "1,2";
				VALIDATE_PRODUCT = YES;
			};
			name = Release;
		};
		CDD012CE23092E5A0002BB4E /* Debug */ = {
			isa = XCBuildConfiguration;
			buildSettings = {
				ALWAYS_SEARCH_USER_PATHS = NO;
				CLANG_ANALYZER_NONNULL = YES;
				CLANG_ANALYZER_NUMBER_OBJECT_CONVERSION = YES_AGGRESSIVE;
				CLANG_CXX_LANGUAGE_STANDARD = "c++17";
				CLANG_CXX_LIBRARY = "libc++";
				CLANG_ENABLE_MODULES = YES;
				CLANG_ENABLE_OBJC_ARC = NO;
				CLANG_ENABLE_OBJC_WEAK = YES;
				CLANG_WARN_BLOCK_CAPTURE_AUTORELEASING = NO;
				CLANG_WARN_BOOL_CONVERSION = YES;
				CLANG_WARN_COMMA = YES;
				CLANG_WARN_CONSTANT_CONVERSION = YES;
				CLANG_WARN_DEPRECATED_OBJC_IMPLEMENTATIONS = YES;
				CLANG_WARN_DIRECT_OBJC_ISA_USAGE = YES_ERROR;
				CLANG_WARN_DOCUMENTATION_COMMENTS = YES;
				CLANG_WARN_EMPTY_BODY = YES;
				CLANG_WARN_ENUM_CONVERSION = YES;
				CLANG_WARN_INFINITE_RECURSION = YES;
				CLANG_WARN_INT_CONVERSION = YES;
				CLANG_WARN_NON_LITERAL_NULL_CONVERSION = YES;
				CLANG_WARN_OBJC_IMPLICIT_RETAIN_SELF = NO;
				CLANG_WARN_OBJC_LITERAL_CONVERSION = YES;
				CLANG_WARN_OBJC_ROOT_CLASS = YES_ERROR;
				CLANG_WARN_RANGE_LOOP_ANALYSIS = YES;
				CLANG_WARN_STRICT_PROTOTYPES = YES;
				CLANG_WARN_SUSPICIOUS_MOVE = YES;
				CLANG_WARN_UNGUARDED_AVAILABILITY = YES_AGGRESSIVE;
				CLANG_WARN_UNREACHABLE_CODE = YES;
				CLANG_WARN__DUPLICATE_METHOD_MATCH = YES;
				CODE_SIGN_IDENTITY = "Mac Developer";
				COPY_PHASE_STRIP = NO;
				DEBUG_INFORMATION_FORMAT = dwarf;
				ENABLE_STRICT_OBJC_MSGSEND = YES;
				ENABLE_TESTABILITY = YES;
				FRAMEWORK_SEARCH_PATHS = (
					"\"$(SRCROOT)/../../../extern/vulkansdk/macos/MoltenVK/macOS/framework/\"",
					"\"$(SRCROOT)/../../../extern/vulkansdk/macos/macOS/Frameworks/\"",
				);
				GCC_C_LANGUAGE_STANDARD = c11;
				GCC_DYNAMIC_NO_PIC = NO;
				GCC_NO_COMMON_BLOCKS = YES;
				GCC_OPTIMIZATION_LEVEL = 0;
				GCC_PRECOMPILE_PREFIX_HEADER = YES;
				GCC_PREFIX_HEADER = "";
				GCC_PREPROCESSOR_DEFINITIONS = (
					"DEBUG=1",
					"$(inherited)",
					_DEBUG,
				);
				GCC_WARN_64_TO_32_BIT_CONVERSION = YES;
				GCC_WARN_ABOUT_DEPRECATED_FUNCTIONS = NO;
				GCC_WARN_ABOUT_RETURN_TYPE = YES_ERROR;
				GCC_WARN_UNDECLARED_SELECTOR = YES;
				GCC_WARN_UNINITIALIZED_AUTOS = YES_AGGRESSIVE;
				GCC_WARN_UNUSED_FUNCTION = YES;
				GCC_WARN_UNUSED_VARIABLE = YES;
				HEADER_SEARCH_PATHS = (
					"\"$(SRCROOT)/../../../include\"/**",
					"\"$(SRCROOT)/../../../extern/vulkansdk/macos/MoltenVK/include\"/**",
					"\"/Library/Developer/CommandLineTools/SDKs/MacOSX.sdk/usr/include\"",
				);
				LD_RUNPATH_SEARCH_PATHS = "@executable_path/";
				LIBRARY_SEARCH_PATHS = (
					"\"$(SRCROOT)/../../../build/bin/vxGraphics/\"/**",
					"\"$(SRCROOT)/../../../extern/vulkansdk/macos/macOS/lib/\"",
				);
				MACOSX_DEPLOYMENT_TARGET = 10.14;
				MTL_ENABLE_DEBUG_INFO = INCLUDE_SOURCE;
				MTL_FAST_MATH = YES;
				ONLY_ACTIVE_ARCH = YES;
				OTHER_LDFLAGS = "-ObjC";
				SDKROOT = macosx;
			};
			name = Debug;
		};
		CDD012CF23092E5A0002BB4E /* Release */ = {
			isa = XCBuildConfiguration;
			buildSettings = {
				ALWAYS_SEARCH_USER_PATHS = NO;
				CLANG_ANALYZER_NONNULL = YES;
				CLANG_ANALYZER_NUMBER_OBJECT_CONVERSION = YES_AGGRESSIVE;
				CLANG_CXX_LANGUAGE_STANDARD = "c++17";
				CLANG_CXX_LIBRARY = "libc++";
				CLANG_ENABLE_MODULES = YES;
				CLANG_ENABLE_OBJC_ARC = NO;
				CLANG_ENABLE_OBJC_WEAK = YES;
				CLANG_WARN_BLOCK_CAPTURE_AUTORELEASING = NO;
				CLANG_WARN_BOOL_CONVERSION = YES;
				CLANG_WARN_COMMA = YES;
				CLANG_WARN_CONSTANT_CONVERSION = YES;
				CLANG_WARN_DEPRECATED_OBJC_IMPLEMENTATIONS = YES;
				CLANG_WARN_DIRECT_OBJC_ISA_USAGE = YES_ERROR;
				CLANG_WARN_DOCUMENTATION_COMMENTS = YES;
				CLANG_WARN_EMPTY_BODY = YES;
				CLANG_WARN_ENUM_CONVERSION = YES;
				CLANG_WARN_INFINITE_RECURSION = YES;
				CLANG_WARN_INT_CONVERSION = YES;
				CLANG_WARN_NON_LITERAL_NULL_CONVERSION = YES;
				CLANG_WARN_OBJC_IMPLICIT_RETAIN_SELF = NO;
				CLANG_WARN_OBJC_LITERAL_CONVERSION = YES;
				CLANG_WARN_OBJC_ROOT_CLASS = YES_ERROR;
				CLANG_WARN_RANGE_LOOP_ANALYSIS = YES;
				CLANG_WARN_STRICT_PROTOTYPES = YES;
				CLANG_WARN_SUSPICIOUS_MOVE = YES;
				CLANG_WARN_UNGUARDED_AVAILABILITY = YES_AGGRESSIVE;
				CLANG_WARN_UNREACHABLE_CODE = YES;
				CLANG_WARN__DUPLICATE_METHOD_MATCH = YES;
				CODE_SIGN_IDENTITY = "Mac Developer";
				COPY_PHASE_STRIP = NO;
				DEBUG_INFORMATION_FORMAT = "dwarf-with-dsym";
				ENABLE_NS_ASSERTIONS = NO;
				ENABLE_STRICT_OBJC_MSGSEND = YES;
				FRAMEWORK_SEARCH_PATHS = (
					"\"$(SRCROOT)/../../../extern/vulkansdk/macos/MoltenVK/macOS/framework/\"",
					"\"$(SRCROOT)/../../../extern/vulkansdk/macos/macOS/Frameworks/\"",
				);
				GCC_C_LANGUAGE_STANDARD = c11;
				GCC_NO_COMMON_BLOCKS = YES;
				GCC_PRECOMPILE_PREFIX_HEADER = YES;
				GCC_PREFIX_HEADER = "";
				GCC_WARN_64_TO_32_BIT_CONVERSION = YES;
				GCC_WARN_ABOUT_DEPRECATED_FUNCTIONS = NO;
				GCC_WARN_ABOUT_RETURN_TYPE = YES_ERROR;
				GCC_WARN_UNDECLARED_SELECTOR = YES;
				GCC_WARN_UNINITIALIZED_AUTOS = YES_AGGRESSIVE;
				GCC_WARN_UNUSED_FUNCTION = YES;
				GCC_WARN_UNUSED_VARIABLE = YES;
				HEADER_SEARCH_PATHS = (
					"\"$(SRCROOT)/../../../include\"/**",
					"\"$(SRCROOT)/../../../extern/vulkansdk/macos/MoltenVK/include\"/**",
					"\"/Library/Developer/CommandLineTools/SDKs/MacOSX.sdk/usr/include\"",
				);
				LD_RUNPATH_SEARCH_PATHS = "@executable_path/";
				LIBRARY_SEARCH_PATHS = (
					"\"$(SRCROOT)/../../../build/bin/vxGraphics/\"/**",
					"\"$(SRCROOT)/../../../extern/vulkansdk/macos/macOS/lib/\"",
				);
				MACOSX_DEPLOYMENT_TARGET = 10.14;
				MTL_ENABLE_DEBUG_INFO = NO;
				MTL_FAST_MATH = YES;
				OTHER_LDFLAGS = "-ObjC";
				SDKROOT = macosx;
			};
			name = Release;
		};
		CDD012D123092E5A0002BB4E /* Debug */ = {
			isa = XCBuildConfiguration;
			buildSettings = {
				ASSETCATALOG_COMPILER_APPICON_NAME = AppIcon;
				CODE_SIGN_STYLE = Automatic;
				COMBINE_HIDPI_IMAGES = YES;
				DEVELOPMENT_TEAM = R49X9S5NBT;
				INFOPLIST_FILE = Info.plist;
				LD_RUNPATH_SEARCH_PATHS = (
					"$(inherited)",
					"@executable_path/../Frameworks",
				);
				PRODUCT_BUNDLE_IDENTIFIER = com.vitorciaramella.vxApplication;
				PRODUCT_NAME = "$(TARGET_NAME)";
			};
			name = Debug;
		};
		CDD012D223092E5A0002BB4E /* Release */ = {
			isa = XCBuildConfiguration;
			buildSettings = {
				ASSETCATALOG_COMPILER_APPICON_NAME = AppIcon;
				CODE_SIGN_STYLE = Automatic;
				COMBINE_HIDPI_IMAGES = YES;
				DEVELOPMENT_TEAM = R49X9S5NBT;
				INFOPLIST_FILE = Info.plist;
				LD_RUNPATH_SEARCH_PATHS = (
					"$(inherited)",
					"@executable_path/../Frameworks",
				);
				PRODUCT_BUNDLE_IDENTIFIER = com.vitorciaramella.vxApplication;
				PRODUCT_NAME = "$(TARGET_NAME)";
			};
			name = Release;
		};
/* End XCBuildConfiguration section */

/* Begin XCConfigurationList section */
		CDBE8A61230A2E3A004A9DA1 /* Build configuration list for PBXNativeTarget "vxApplication-iOS" */ = {
			isa = XCConfigurationList;
			buildConfigurations = (
				CDBE8A62230A2E3A004A9DA1 /* Debug */,
				CDBE8A63230A2E3A004A9DA1 /* Release */,
			);
			defaultConfigurationIsVisible = 0;
			defaultConfigurationName = Release;
		};
		CDD012B723092E590002BB4E /* Build configuration list for PBXProject "vxApplication" */ = {
			isa = XCConfigurationList;
			buildConfigurations = (
				CDD012CE23092E5A0002BB4E /* Debug */,
				CDD012CF23092E5A0002BB4E /* Release */,
			);
			defaultConfigurationIsVisible = 0;
			defaultConfigurationName = Release;
		};
		CDD012D023092E5A0002BB4E /* Build configuration list for PBXNativeTarget "vxApplication-macOS" */ = {
			isa = XCConfigurationList;
			buildConfigurations = (
				CDD012D123092E5A0002BB4E /* Debug */,
				CDD012D223092E5A0002BB4E /* Release */,
			);
			defaultConfigurationIsVisible = 0;
			defaultConfigurationName = Release;
		};
/* End XCConfigurationList section */
	};
	rootObject = CDD012B423092E590002BB4E /* Project object */;
}
